PODS:
  - Charts (3.6.0):
    - Charts/Core (= 3.6.0)
  - Charts/Core (3.6.0)
  - EZAudio (1.1.5):
    - EZAudio/Full (= 1.1.5)
  - EZAudio/Core (1.1.5)
  - EZAudio/Full (1.1.5):
    - EZAudio/Core
    - TPCircularBuffer (= 1.1)
  - Google-Mobile-Ads-SDK (9.3.0):
    - GoogleAppMeasurement (< 9.0, >= 7.0)
    - GoogleUserMessagingPlatform (>= 1.1)
  - GoogleAppMeasurement (8.15.0):
    - GoogleAppMeasurement/AdIdSupport (= 8.15.0)
    - GoogleUtilities/AppDelegateSwizzler (~> 7.7)
    - GoogleUtilities/MethodSwizzler (~> 7.7)
    - GoogleUtilities/Network (~> 7.7)
    - "GoogleUtilities/NSData+zlib (~> 7.7)"
    - nanopb (~> 2.30908.0)
  - GoogleAppMeasurement/AdIdSupport (8.15.0):
    - GoogleAppMeasurement/WithoutAdIdSupport (= 8.15.0)
    - GoogleUtilities/AppDelegateSwizzler (~> 7.7)
    - GoogleUtilities/MethodSwizzler (~> 7.7)
    - GoogleUtilities/Network (~> 7.7)
    - "GoogleUtilities/NSData+zlib (~> 7.7)"
    - nanopb (~> 2.30908.0)
  - GoogleAppMeasurement/WithoutAdIdSupport (8.15.0):
    - GoogleUtilities/AppDelegateSwizzler (~> 7.7)
    - GoogleUtilities/MethodSwizzler (~> 7.7)
    - GoogleUtilities/Network (~> 7.7)
    - "GoogleUtilities/NSData+zlib (~> 7.7)"
    - nanopb (~> 2.30908.0)
  - GoogleUserMessagingPlatform (2.0.0)
  - GoogleUtilities/AppDelegateSwizzler (7.7.0):
    - GoogleUtilities/Environment
    - GoogleUtilities/Logger
    - GoogleUtilities/Network
  - GoogleUtilities/Environment (7.7.0):
    - PromisesObjC (< 3.0, >= 1.2)
  - GoogleUtilities/Logger (7.7.0):
    - GoogleUtilities/Environment
  - GoogleUtilities/MethodSwizzler (7.7.0):
    - GoogleUtilities/Logger
  - GoogleUtilities/Network (7.7.0):
    - GoogleUtilities/Logger
    - "GoogleUtilities/NSData+zlib"
    - GoogleUtilities/Reachability
  - "GoogleUtilities/NSData+zlib (7.7.0)"
  - GoogleUtilities/Reachability (7.7.0):
    - GoogleUtilities/Logger
  - iRecordView (0.1.4)
  - nanopb (2.30908.0):
    - nanopb/decode (= 2.30908.0)
    - nanopb/encode (= 2.30908.0)
  - nanopb/decode (2.30908.0)
  - nanopb/encode (2.30908.0)
  - PromisesObjC (2.1.0)
  - SideMenu (6.5.0)
  - SmartGauge (0.6.6)
  - SoundWave (0.1.4)
  - SwipeCellKit (2.7.1)
  - TPCircularBuffer (1.1)
  - youtube-ios-player-helper (1.0.4)

DEPENDENCIES:
  - Charts (~> 3.6.0)
  - EZAudio
  - Google-Mobile-Ads-SDK
  - iRecordView
  - SideMenu
  - SmartGauge
  - SoundWave
  - SwipeCellKit
  - youtube-ios-player-helper

SPEC REPOS:
  trunk:
    - Charts
    - EZAudio
    - Google-Mobile-Ads-SDK
    - GoogleAppMeasurement
    - GoogleUserMessagingPlatform
    - GoogleUtilities
    - iRecordView
    - nanopb
    - PromisesObjC
    - SideMenu
    - SmartGauge
    - SoundWave
    - SwipeCellKit
    - TPCircularBuffer
    - youtube-ios-player-helper

SPEC CHECKSUMS:
  Charts: 888b39ae772b3dc79d0a0e659f0419ff9bd3e963
  EZAudio: 3b1cb4b6d7ebca68f0c2478576d75940aad4aa99
  Google-Mobile-Ads-SDK: 2c8ad48ccc3839a5927f7d7c51505a7cd4f0b672
  GoogleAppMeasurement: 4c19f031220c72464d460c9daa1fb5d1acce958e
  GoogleUserMessagingPlatform: ab890ce5f6620f293a21b6bdd82e416a2c73aeca
  GoogleUtilities: e0913149f6b0625b553d70dae12b49fc62914fd1
  iRecordView: 83aa080ce0c64db443a5f3969e441a7f12f9b8b5
  nanopb: a0ba3315591a9ae0a16a309ee504766e90db0c96
  PromisesObjC: 99b6f43f9e1044bd87a95a60beff28c2c44ddb72
  SideMenu: f583187d21c5b1dd04c72002be544b555a2627a2
  SmartGauge: 4a730c6d28636f798555592857571c4e43e14a23
  SoundWave: d98ffaa863570b29d991da32a09b7ce1b4aaf2d4
  SwipeCellKit: 3972254a826da74609926daf59b08d6c72e619ea
  TPCircularBuffer: 4960a919e667280f7f38963d771f45871b64fe62
  youtube-ios-player-helper: e9b97535e816db3152179d84d999bc1807ecd689

PODFILE CHECKSUM: 75c1c409c925c31d94823c68eeb223dd106fea8f

COCOAPODS: 1.14.2
